
Microsoft Visual Studio Solution File, Format Version 12.00
# Visual Studio Version 17
VisualStudioVersion = 17.6.33712.159
MinimumVisualStudioVersion = 10.0.40219.1
Project("{9A19103F-16F7-4668-BE54-9A1E7A4F7556}") = "StandControl.Domain", "StandControl.Domain\StandControl.Domain.csproj", "{1280EFF9-EE47-4380-AB7D-75FDC7D6BE5D}"
EndProject
Project("{9A19103F-16F7-4668-BE54-9A1E7A4F7556}") = "Test.Console", "Test.Console\Test.Console.csproj", "{F553CA7D-8694-47E6-8799-28FA6F25F6EE}"
EndProject
Project("{9A19103F-16F7-4668-BE54-9A1E7A4F7556}") = "StanControl.StandaDriver", "StanControl.StandaDriver\StanControl.StandaDriver.csproj", "{C96A5777-A9EC-45E1-9498-46D99ABDC53C}"
EndProject
Global
	GlobalSection(SolutionConfigurationPlatforms) = preSolution
		Debug|Any CPU = Debug|Any CPU
		Release|Any CPU = Release|Any CPU
	EndGlobalSection
	GlobalSection(ProjectConfigurationPlatforms) = postSolution
		{1280EFF9-EE47-4380-AB7D-75FDC7D6BE5D}.Debug|Any CPU.ActiveCfg = Debug|Any CPU
		{1280EFF9-EE47-4380-AB7D-75FDC7D6BE5D}.Debug|Any CPU.Build.0 = Debug|Any CPU
		{1280EFF9-EE47-4380-AB7D-75FDC7D6BE5D}.Release|Any CPU.ActiveCfg = Release|Any CPU
		{1280EFF9-EE47-4380-AB7D-75FDC7D6BE5D}.Release|Any CPU.Build.0 = Release|Any CPU
		{F553CA7D-8694-47E6-8799-28FA6F25F6EE}.Debug|Any CPU.ActiveCfg = Debug|Any CPU
		{F553CA7D-8694-47E6-8799-28FA6F25F6EE}.Debug|Any CPU.Build.0 = Debug|Any CPU
		{F553CA7D-8694-47E6-8799-28FA6F25F6EE}.Release|Any CPU.ActiveCfg = Release|Any CPU
		{F553CA7D-8694-47E6-8799-28FA6F25F6EE}.Release|Any CPU.Build.0 = Release|Any CPU
		{C96A5777-A9EC-45E1-9498-46D99ABDC53C}.Debug|Any CPU.ActiveCfg = Debug|Any CPU
		{C96A5777-A9EC-45E1-9498-46D99ABDC53C}.Debug|Any CPU.Build.0 = Debug|Any CPU
		{C96A5777-A9EC-45E1-9498-46D99ABDC53C}.Release|Any CPU.ActiveCfg = Release|Any CPU
		{C96A5777-A9EC-45E1-9498-46D99ABDC53C}.Release|Any CPU.Build.0 = Release|Any CPU
	EndGlobalSection
	GlobalSection(SolutionProperties) = preSolution
		HideSolutionNode = FALSE
	EndGlobalSection
	GlobalSection(ExtensibilityGlobals) = postSolution
		SolutionGuid = {00EE9CFC-6E98-4757-8AAC-F8A411A114D3}
	EndGlobalSection
EndGlobal
